
Microsoft Visual Studio Solution File, Format Version 11.00
# Visual Studio 2010
Project("{8BC9CEB8-8B4A-11D0-8D11-00A0C91BC942}") = "Hello GXBase", "Hello GXBase\Hello GXBase.vcxproj", "{3E6D7BA6-FDE5-4FAB-BE7F-6031B64B1E9F}"
EndProject
Project("{8BC9CEB8-8B4A-11D0-8D11-00A0C91BC942}") = "File_Streaming", "File_Streaming\File_Streaming.vcxproj", "{63A11E90-0D9B-4155-9BDC-5D602B8D5678}"
EndProject
Project("{8BC9CEB8-8B4A-11D0-8D11-00A0C91BC942}") = "P156", "P156\P156.vcxproj", "{7B615A04-21D5-411B-A596-94166B262B98}"
EndProject
Project("{8BC9CEB8-8B4A-11D0-8D11-00A0C91BC942}") = "P157", "P157\P157.vcxproj", "{F6E60626-AE7C-4EE8-81E6-BCB554DBBB82}"
EndProject
Project("{8BC9CEB8-8B4A-11D0-8D11-00A0C91BC942}") = "P159_Static_memory", "P159_Static_memory\P159_Static_memory.vcxproj", "{B09FFB6E-5E16-43EC-89BC-38458EC397E4}"
EndProject
Project("{8BC9CEB8-8B4A-11D0-8D11-00A0C91BC942}") = "P241", "P241\P241.vcxproj", "{E3E91199-906A-4DCE-9B25-49437EF0B1E6}"
EndProject
Project("{8BC9CEB8-8B4A-11D0-8D11-00A0C91BC942}") = "P260", "P260\P260.vcxproj", "{0220E0ED-A372-40A3-9228-9E3F34A787D4}"
EndProject
Project("{8BC9CEB8-8B4A-11D0-8D11-00A0C91BC942}") = "P261", "P261\P261.vcxproj", "{0082BE10-1DEE-40EB-B7E2-3E78DAA90015}"
EndProject
Project("{8BC9CEB8-8B4A-11D0-8D11-00A0C91BC942}") = "P264", "P264\P264.vcxproj", "{7ACAD9AF-CD82-4EDB-86A5-36F703976870}"
EndProject
Project("{8BC9CEB8-8B4A-11D0-8D11-00A0C91BC942}") = "P274", "P274\P274.vcxproj", "{954E106B-B861-4127-B335-645DDA74B945}"
EndProject
Global
	GlobalSection(SolutionConfigurationPlatforms) = preSolution
		Debug|Win32 = Debug|Win32
		Release|Win32 = Release|Win32
	EndGlobalSection
	GlobalSection(ProjectConfigurationPlatforms) = postSolution
		{3E6D7BA6-FDE5-4FAB-BE7F-6031B64B1E9F}.Debug|Win32.ActiveCfg = Debug|Win32
		{3E6D7BA6-FDE5-4FAB-BE7F-6031B64B1E9F}.Debug|Win32.Build.0 = Debug|Win32
		{3E6D7BA6-FDE5-4FAB-BE7F-6031B64B1E9F}.Release|Win32.ActiveCfg = Release|Win32
		{3E6D7BA6-FDE5-4FAB-BE7F-6031B64B1E9F}.Release|Win32.Build.0 = Release|Win32
		{63A11E90-0D9B-4155-9BDC-5D602B8D5678}.Debug|Win32.ActiveCfg = Debug|Win32
		{63A11E90-0D9B-4155-9BDC-5D602B8D5678}.Debug|Win32.Build.0 = Debug|Win32
		{63A11E90-0D9B-4155-9BDC-5D602B8D5678}.Release|Win32.ActiveCfg = Release|Win32
		{63A11E90-0D9B-4155-9BDC-5D602B8D5678}.Release|Win32.Build.0 = Release|Win32
		{7B615A04-21D5-411B-A596-94166B262B98}.Debug|Win32.ActiveCfg = Debug|Win32
		{7B615A04-21D5-411B-A596-94166B262B98}.Debug|Win32.Build.0 = Debug|Win32
		{7B615A04-21D5-411B-A596-94166B262B98}.Release|Win32.ActiveCfg = Release|Win32
		{7B615A04-21D5-411B-A596-94166B262B98}.Release|Win32.Build.0 = Release|Win32
		{F6E60626-AE7C-4EE8-81E6-BCB554DBBB82}.Debug|Win32.ActiveCfg = Debug|Win32
		{F6E60626-AE7C-4EE8-81E6-BCB554DBBB82}.Debug|Win32.Build.0 = Debug|Win32
		{F6E60626-AE7C-4EE8-81E6-BCB554DBBB82}.Release|Win32.ActiveCfg = Release|Win32
		{F6E60626-AE7C-4EE8-81E6-BCB554DBBB82}.Release|Win32.Build.0 = Release|Win32
		{B09FFB6E-5E16-43EC-89BC-38458EC397E4}.Debug|Win32.ActiveCfg = Debug|Win32
		{B09FFB6E-5E16-43EC-89BC-38458EC397E4}.Debug|Win32.Build.0 = Debug|Win32
		{B09FFB6E-5E16-43EC-89BC-38458EC397E4}.Release|Win32.ActiveCfg = Release|Win32
		{B09FFB6E-5E16-43EC-89BC-38458EC397E4}.Release|Win32.Build.0 = Release|Win32
		{E3E91199-906A-4DCE-9B25-49437EF0B1E6}.Debug|Win32.ActiveCfg = Debug|Win32
		{E3E91199-906A-4DCE-9B25-49437EF0B1E6}.Debug|Win32.Build.0 = Debug|Win32
		{E3E91199-906A-4DCE-9B25-49437EF0B1E6}.Release|Win32.ActiveCfg = Release|Win32
		{E3E91199-906A-4DCE-9B25-49437EF0B1E6}.Release|Win32.Build.0 = Release|Win32
		{0220E0ED-A372-40A3-9228-9E3F34A787D4}.Debug|Win32.ActiveCfg = Debug|Win32
		{0220E0ED-A372-40A3-9228-9E3F34A787D4}.Debug|Win32.Build.0 = Debug|Win32
		{0220E0ED-A372-40A3-9228-9E3F34A787D4}.Release|Win32.ActiveCfg = Release|Win32
		{0220E0ED-A372-40A3-9228-9E3F34A787D4}.Release|Win32.Build.0 = Release|Win32
		{0082BE10-1DEE-40EB-B7E2-3E78DAA90015}.Debug|Win32.ActiveCfg = Debug|Win32
		{0082BE10-1DEE-40EB-B7E2-3E78DAA90015}.Debug|Win32.Build.0 = Debug|Win32
		{0082BE10-1DEE-40EB-B7E2-3E78DAA90015}.Release|Win32.ActiveCfg = Release|Win32
		{0082BE10-1DEE-40EB-B7E2-3E78DAA90015}.Release|Win32.Build.0 = Release|Win32
		{7ACAD9AF-CD82-4EDB-86A5-36F703976870}.Debug|Win32.ActiveCfg = Debug|Win32
		{7ACAD9AF-CD82-4EDB-86A5-36F703976870}.Debug|Win32.Build.0 = Debug|Win32
		{7ACAD9AF-CD82-4EDB-86A5-36F703976870}.Release|Win32.ActiveCfg = Release|Win32
		{7ACAD9AF-CD82-4EDB-86A5-36F703976870}.Release|Win32.Build.0 = Release|Win32
		{954E106B-B861-4127-B335-645DDA74B945}.Debug|Win32.ActiveCfg = Debug|Win32
		{954E106B-B861-4127-B335-645DDA74B945}.Debug|Win32.Build.0 = Debug|Win32
		{954E106B-B861-4127-B335-645DDA74B945}.Release|Win32.ActiveCfg = Release|Win32
		{954E106B-B861-4127-B335-645DDA74B945}.Release|Win32.Build.0 = Release|Win32
	EndGlobalSection
	GlobalSection(SolutionProperties) = preSolution
		HideSolutionNode = FALSE
	EndGlobalSection
EndGlobal
