
Microsoft Visual Studio Solution File, Format Version 11.00
# Visual Studio 2010
Project("{8BC9CEB8-8B4A-11D0-8D11-00A0C91BC942}") = "tutorial18", "tutorial18.vcxproj", "{171955BD-F1AA-43D1-B67A-2BCFDCD30D7B}"
EndProject
Global
	GlobalSection(SolutionConfigurationPlatforms) = preSolution
		Debug|Win32 = Debug|Win32
		Release|Win32 = Release|Win32
	EndGlobalSection
	GlobalSection(ProjectConfigurationPlatforms) = postSolution
		{171955BD-F1AA-43D1-B67A-2BCFDCD30D7B}.Debug|Win32.ActiveCfg = Debug|Win32
		{171955BD-F1AA-43D1-B67A-2BCFDCD30D7B}.Debug|Win32.Build.0 = Debug|Win32
		{171955BD-F1AA-43D1-B67A-2BCFDCD30D7B}.Release|Win32.ActiveCfg = Release|Win32
		{171955BD-F1AA-43D1-B67A-2BCFDCD30D7B}.Release|Win32.Build.0 = Release|Win32
	EndGlobalSection
	GlobalSection(SolutionProperties) = preSolution
		HideSolutionNode = FALSE
	EndGlobalSection
EndGlobal
